
Microsoft Visual Studio Solution File, Format Version 12.00
# Visual Studio Version 17
VisualStudioVersion = 17.14.36408.4 d17.14
MinimumVisualStudioVersion = 10.0.40219.1
Project("{FAE04EC0-301F-11D3-BF4B-00C04F79EFBC}") = "Portfolio", "Portfolio\Portfolio.csproj", "{DEBA7242-220B-430A-A5B9-1ED899AF134D}"
EndProject
Global
	GlobalSection(SolutionConfigurationPlatforms) = preSolution
		Debug|Any CPU = Debug|Any CPU
		Release|Any CPU = Release|Any CPU
	EndGlobalSection
	GlobalSection(ProjectConfigurationPlatforms) = postSolution
		{DEBA7242-220B-430A-A5B9-1ED899AF134D}.Debug|Any CPU.ActiveCfg = Debug|Any CPU
		{DEBA7242-220B-430A-A5B9-1ED899AF134D}.Debug|Any CPU.Build.0 = Debug|Any CPU
		{DEBA7242-220B-430A-A5B9-1ED899AF134D}.Release|Any CPU.ActiveCfg = Release|Any CPU
		{DEBA7242-220B-430A-A5B9-1ED899AF134D}.Release|Any CPU.Build.0 = Release|Any CPU
	EndGlobalSection
	GlobalSection(SolutionProperties) = preSolution
		HideSolutionNode = FALSE
	EndGlobalSection
	GlobalSection(ExtensibilityGlobals) = postSolution
		SolutionGuid = {BAA2F462-3F5C-4AFF-8B1B-D30F915A99A5}
	EndGlobalSection
EndGlobal
